
Microsoft Visual Studio Solution File, Format Version 12.00
# Visual Studio Version 17
VisualStudioVersion = 17.10.35013.160
MinimumVisualStudioVersion = 10.0.40219.1
Project("{9A19103F-16F7-4668-BE54-9A1E7A4F7556}") = "testPayments", "testPayments.csproj", "{67ACEF28-8CB5-4675-BC81-1886BE23F57F}"
EndProject
Project("{9A19103F-16F7-4668-BE54-9A1E7A4F7556}") = "BL", "..\BL\BL.csproj", "{06C1BFB5-6F71-4416-860B-4B0CB43420E8}"
	ProjectSection(ProjectDependencies) = postProject
		{A1F9AADE-7E55-45DF-87C7-020C8B907F21} = {A1F9AADE-7E55-45DF-87C7-020C8B907F21}
	EndProjectSection
EndProject
Project("{FAE04EC0-301F-11D3-BF4B-00C04F79EFBC}") = "Data", "..\Data\Data.csproj", "{A1F9AADE-7E55-45DF-87C7-020C8B907F21}"
EndProject
Global
	GlobalSection(SolutionConfigurationPlatforms) = preSolution
		Debug|Any CPU = Debug|Any CPU
		Release|Any CPU = Release|Any CPU
	EndGlobalSection
	GlobalSection(ProjectConfigurationPlatforms) = postSolution
		{67ACEF28-8CB5-4675-BC81-1886BE23F57F}.Debug|Any CPU.ActiveCfg = Debug|Any CPU
		{67ACEF28-8CB5-4675-BC81-1886BE23F57F}.Debug|Any CPU.Build.0 = Debug|Any CPU
		{67ACEF28-8CB5-4675-BC81-1886BE23F57F}.Release|Any CPU.ActiveCfg = Release|Any CPU
		{67ACEF28-8CB5-4675-BC81-1886BE23F57F}.Release|Any CPU.Build.0 = Release|Any CPU
		{06C1BFB5-6F71-4416-860B-4B0CB43420E8}.Debug|Any CPU.ActiveCfg = Debug|Any CPU
		{06C1BFB5-6F71-4416-860B-4B0CB43420E8}.Debug|Any CPU.Build.0 = Debug|Any CPU
		{06C1BFB5-6F71-4416-860B-4B0CB43420E8}.Release|Any CPU.ActiveCfg = Release|Any CPU
		{06C1BFB5-6F71-4416-860B-4B0CB43420E8}.Release|Any CPU.Build.0 = Release|Any CPU
		{A1F9AADE-7E55-45DF-87C7-020C8B907F21}.Debug|Any CPU.ActiveCfg = Debug|Any CPU
		{A1F9AADE-7E55-45DF-87C7-020C8B907F21}.Debug|Any CPU.Build.0 = Debug|Any CPU
		{A1F9AADE-7E55-45DF-87C7-020C8B907F21}.Release|Any CPU.ActiveCfg = Release|Any CPU
		{A1F9AADE-7E55-45DF-87C7-020C8B907F21}.Release|Any CPU.Build.0 = Release|Any CPU
	EndGlobalSection
	GlobalSection(SolutionProperties) = preSolution
		HideSolutionNode = FALSE
	EndGlobalSection
	GlobalSection(ExtensibilityGlobals) = postSolution
		SolutionGuid = {D2934BE0-5C64-415A-A816-0216A7A80C30}
	EndGlobalSection
EndGlobal
